
Microsoft Visual Studio Solution File, Format Version 12.00
# Visual Studio Version 17
VisualStudioVersion = 17.1.32228.430
MinimumVisualStudioVersion = 10.0.40219.1
Project("{9A19103F-16F7-4668-BE54-9A1E7A4F7556}") = "Kj.Api", "Kj.Api\Kj.Api.csproj", "{CDF99AEA-5083-4213-AF8A-CDA06EDFDC2F}"
	ProjectSection(ProjectDependencies) = postProject
		{5ADF1AC6-CD2B-4C36-88FB-FC288CC3E860} = {5ADF1AC6-CD2B-4C36-88FB-FC288CC3E860}
	EndProjectSection
EndProject
Project("{9A19103F-16F7-4668-BE54-9A1E7A4F7556}") = "Kj.Application", "Kj.Application\Kj.Application.csproj", "{5ADF1AC6-CD2B-4C36-88FB-FC288CC3E860}"
EndProject
Project("{9A19103F-16F7-4668-BE54-9A1E7A4F7556}") = "Kj.Domain", "Kj.Domain\Kj.Domain.csproj", "{DD68A938-7C87-49A2-A659-75BD9DFAB6E2}"
EndProject
Project("{9A19103F-16F7-4668-BE54-9A1E7A4F7556}") = "Kj.Shared", "Kj.Shared\Kj.Shared.csproj", "{EA2590A4-0CC8-4981-9908-0FD027AB07C6}"
EndProject
Project("{9A19103F-16F7-4668-BE54-9A1E7A4F7556}") = "Kj.Infrastructure", "Kj.Infrastructure\Kj.Infrastructure.csproj", "{70D70960-752B-4AEE-98FA-5E0DE68025E2}"
EndProject
Global
	GlobalSection(SolutionConfigurationPlatforms) = preSolution
		Debug|Any CPU = Debug|Any CPU
		Release|Any CPU = Release|Any CPU
	EndGlobalSection
	GlobalSection(ProjectConfigurationPlatforms) = postSolution
		{CDF99AEA-5083-4213-AF8A-CDA06EDFDC2F}.Debug|Any CPU.ActiveCfg = Debug|Any CPU
		{CDF99AEA-5083-4213-AF8A-CDA06EDFDC2F}.Debug|Any CPU.Build.0 = Debug|Any CPU
		{CDF99AEA-5083-4213-AF8A-CDA06EDFDC2F}.Release|Any CPU.ActiveCfg = Release|Any CPU
		{CDF99AEA-5083-4213-AF8A-CDA06EDFDC2F}.Release|Any CPU.Build.0 = Release|Any CPU
		{5ADF1AC6-CD2B-4C36-88FB-FC288CC3E860}.Debug|Any CPU.ActiveCfg = Debug|Any CPU
		{5ADF1AC6-CD2B-4C36-88FB-FC288CC3E860}.Debug|Any CPU.Build.0 = Debug|Any CPU
		{5ADF1AC6-CD2B-4C36-88FB-FC288CC3E860}.Release|Any CPU.ActiveCfg = Release|Any CPU
		{5ADF1AC6-CD2B-4C36-88FB-FC288CC3E860}.Release|Any CPU.Build.0 = Release|Any CPU
		{DD68A938-7C87-49A2-A659-75BD9DFAB6E2}.Debug|Any CPU.ActiveCfg = Debug|Any CPU
		{DD68A938-7C87-49A2-A659-75BD9DFAB6E2}.Debug|Any CPU.Build.0 = Debug|Any CPU
		{DD68A938-7C87-49A2-A659-75BD9DFAB6E2}.Release|Any CPU.ActiveCfg = Release|Any CPU
		{DD68A938-7C87-49A2-A659-75BD9DFAB6E2}.Release|Any CPU.Build.0 = Release|Any CPU
		{EA2590A4-0CC8-4981-9908-0FD027AB07C6}.Debug|Any CPU.ActiveCfg = Debug|Any CPU
		{EA2590A4-0CC8-4981-9908-0FD027AB07C6}.Debug|Any CPU.Build.0 = Debug|Any CPU
		{EA2590A4-0CC8-4981-9908-0FD027AB07C6}.Release|Any CPU.ActiveCfg = Release|Any CPU
		{EA2590A4-0CC8-4981-9908-0FD027AB07C6}.Release|Any CPU.Build.0 = Release|Any CPU
		{70D70960-752B-4AEE-98FA-5E0DE68025E2}.Debug|Any CPU.ActiveCfg = Debug|Any CPU
		{70D70960-752B-4AEE-98FA-5E0DE68025E2}.Debug|Any CPU.Build.0 = Debug|Any CPU
		{70D70960-752B-4AEE-98FA-5E0DE68025E2}.Release|Any CPU.ActiveCfg = Release|Any CPU
		{70D70960-752B-4AEE-98FA-5E0DE68025E2}.Release|Any CPU.Build.0 = Release|Any CPU
	EndGlobalSection
	GlobalSection(SolutionProperties) = preSolution
		HideSolutionNode = FALSE
	EndGlobalSection
	GlobalSection(ExtensibilityGlobals) = postSolution
		SolutionGuid = {9D097218-2843-46D5-971D-B89CE2BE7B88}
	EndGlobalSection
EndGlobal
